# This file is automatically @generated by Cargo.
# It is not intended for manual editing.
version = 4

[[package]]
name = "glam"
version = "0.33.0"
source = "registry+https://github.com/rust-lang/crates.io-index"
checksum = "8fb167719045debebe9f532320accc7b5c993c5a3b813f5696a11d5ca7bdc57b"

[[package]]
name = "isit"
version = "0.1.2"
source = "registry+https://github.com/rust-lang/crates.io-index"
checksum = "9f4575a928813120f1c29dff9037d0827a9a52991954410f7be605c81acbed24"

[[package]]
name = "lolevel"
version = "1.0.0-indev"
source = "registry+https://github.com/rust-lang/crates.io-index"
checksum = "a228951446940091fa6a38623821095b3f5c3de64728698d4d4d682b6786094f"

[[package]]
name = "paste"
version = "1.0.15"
source = "registry+https://github.com/rust-lang/crates.io-index"
checksum = "57c0d7b74b563b49d38dae00a0c37d4d6de9b432382b2892f0574ddcae73fd0a"

[[package]]
name = "voxel"
version = "0.1.0-indev"
dependencies = [
 "glam",
 "lolevel",
 "paste",
 "voxel-core",
 "voxel-orient",
]

[[package]]
name = "voxel-core"
version = "0.1.0-indev"
dependencies = [
 "glam",
 "paste",
]

[[package]]
name = "voxel-orient"
version = "0.2.0-indev"
dependencies = [
 "glam",
 "isit",
 "lolevel",
 "paste",
]
